
Microsoft Visual Studio Solution File, Format Version 12.00
# Visual Studio 15
Project("{FAE04EC0-301F-11D3-BF4B-00C04F79EFBC}") = "Fabricor", "Fabricor.csproj", "{50CAB656-1888-49B0-A93C-6F0303F81B26}"
EndProject
Project("{FAE04EC0-301F-11D3-BF4B-00C04F79EFBC}") = "FabricorBenchmarking", "FabricorBenchmarking\FabricorBenchmarking.csproj", "{22F47A0B-0C06-41BC-BA6C-DAA3B6F877FE}"
EndProject
Global
	GlobalSection(SolutionConfigurationPlatforms) = preSolution
		Debug|x86 = Debug|x86
		Release|x86 = Release|x86
	EndGlobalSection
	GlobalSection(ProjectConfigurationPlatforms) = postSolution
		{50CAB656-1888-49B0-A93C-6F0303F81B26}.Debug|x86.ActiveCfg = Debug|x86
		{50CAB656-1888-49B0-A93C-6F0303F81B26}.Debug|x86.Build.0 = Debug|x86
		{50CAB656-1888-49B0-A93C-6F0303F81B26}.Release|x86.ActiveCfg = Release|x86
		{50CAB656-1888-49B0-A93C-6F0303F81B26}.Release|x86.Build.0 = Release|x86
		{22F47A0B-0C06-41BC-BA6C-DAA3B6F877FE}.Debug|x86.ActiveCfg = Debug|x86
		{22F47A0B-0C06-41BC-BA6C-DAA3B6F877FE}.Debug|x86.Build.0 = Debug|x86
		{22F47A0B-0C06-41BC-BA6C-DAA3B6F877FE}.Release|x86.ActiveCfg = Release|x86
		{22F47A0B-0C06-41BC-BA6C-DAA3B6F877FE}.Release|x86.Build.0 = Release|x86
	EndGlobalSection
EndGlobal
